Microsoft Visual Studio Solution File, Format Version 11.00
# Visual Studio 2008

Project("{4EDD118D-AD4C-8EA1-FE8B-B10081E2BA5F}") = "My-Shooter", "Assembly-CSharp.csproj", "{681487EB-590C-B24A-71F0-3E52FA67D14F}"
EndProject
Global
	GlobalSection(SolutionConfigurationPlatforms) = preSolution
		Debug|Any CPU = Debug|Any CPU
		Release|Any CPU = Release|Any CPU
	EndGlobalSection
	GlobalSection(ProjectConfigurationPlatforms) = postSolution
		{681487EB-590C-B24A-71F0-3E52FA67D14F}.Debug|Any CPU.ActiveCfg = Debug|Any CPU
		{681487EB-590C-B24A-71F0-3E52FA67D14F}.Debug|Any CPU.Build.0 = Debug|Any CPU
		{681487EB-590C-B24A-71F0-3E52FA67D14F}.Release|Any CPU.ActiveCfg = Release|Any CPU
		{681487EB-590C-B24A-71F0-3E52FA67D14F}.Release|Any CPU.Build.0 = Release|Any CPU
	EndGlobalSection
	GlobalSection(SolutionProperties) = preSolution
		HideSolutionNode = FALSE
	EndGlobalSection
	GlobalSection(MonoDevelopProperties) = preSolution
		StartupItem = Assembly-CSharp.csproj
	EndGlobalSection
EndGlobal
